
Microsoft Visual Studio Solution File, Format Version 12.00
# Visual Studio Version 17
VisualStudioVersion = 17.14.36109.1 d17.14
MinimumVisualStudioVersion = 10.0.40219.1
Project("{FAE04EC0-301F-11D3-BF4B-00C04F79EFBC}") = "Sky Health", "Sky Health\Sky Health.csproj", "{3B8C319F-FE9A-4ABC-8B46-55B89349EEA5}"
EndProject
Global
	GlobalSection(SolutionConfigurationPlatforms) = preSolution
		Debug|Any CPU = Debug|Any CPU
		Release|Any CPU = Release|Any CPU
	EndGlobalSection
	GlobalSection(ProjectConfigurationPlatforms) = postSolution
		{3B8C319F-FE9A-4ABC-8B46-55B89349EEA5}.Debug|Any CPU.ActiveCfg = Debug|Any CPU
		{3B8C319F-FE9A-4ABC-8B46-55B89349EEA5}.Debug|Any CPU.Build.0 = Debug|Any CPU
		{3B8C319F-FE9A-4ABC-8B46-55B89349EEA5}.Release|Any CPU.ActiveCfg = Release|Any CPU
		{3B8C319F-FE9A-4ABC-8B46-55B89349EEA5}.Release|Any CPU.Build.0 = Release|Any CPU
	EndGlobalSection
	GlobalSection(SolutionProperties) = preSolution
		HideSolutionNode = FALSE
	EndGlobalSection
	GlobalSection(ExtensibilityGlobals) = postSolution
		SolutionGuid = {BFBE2698-A927-4116-91BE-4FB0FA9F1ADD}
	EndGlobalSection
EndGlobal
